
Microsoft Visual Studio Solution File, Format Version 12.00
# Visual Studio 15
Project("{FAE04EC0-301F-11D3-BF4B-00C04F79EFBC}") = "Assembly-CSharp", "Assembly-CSharp.csproj", "{A41BE5BC-DCDA-1694-4F7A-558A3AD0E4A5}"
EndProject
Project("{FAE04EC0-301F-11D3-BF4B-00C04F79EFBC}") = "AimingRig", "AimingRig.csproj", "{2A5F8BB4-DF9C-6A49-585B-9D03C6BA7568}"
EndProject
Global
	GlobalSection(SolutionConfigurationPlatforms) = preSolution
		Debug|Any CPU = Debug|Any CPU
		Release|Any CPU = Release|Any CPU
	EndGlobalSection
	GlobalSection(ProjectConfigurationPlatforms) = postSolution
		{A41BE5BC-DCDA-1694-4F7A-558A3AD0E4A5}.Debug|Any CPU.ActiveCfg = Debug|Any CPU
		{A41BE5BC-DCDA-1694-4F7A-558A3AD0E4A5}.Debug|Any CPU.Build.0 = Debug|Any CPU
		{A41BE5BC-DCDA-1694-4F7A-558A3AD0E4A5}.Release|Any CPU.ActiveCfg = Release|Any CPU
		{A41BE5BC-DCDA-1694-4F7A-558A3AD0E4A5}.Release|Any CPU.Build.0 = Release|Any CPU
		{2A5F8BB4-DF9C-6A49-585B-9D03C6BA7568}.Debug|Any CPU.ActiveCfg = Debug|Any CPU
		{2A5F8BB4-DF9C-6A49-585B-9D03C6BA7568}.Debug|Any CPU.Build.0 = Debug|Any CPU
		{2A5F8BB4-DF9C-6A49-585B-9D03C6BA7568}.Release|Any CPU.ActiveCfg = Release|Any CPU
		{2A5F8BB4-DF9C-6A49-585B-9D03C6BA7568}.Release|Any CPU.Build.0 = Release|Any CPU
	EndGlobalSection
	GlobalSection(SolutionProperties) = preSolution
		HideSolutionNode = FALSE
	EndGlobalSection
EndGlobal
